
Microsoft Visual Studio Solution File, Format Version 12.00
# Visual Studio Version 16
VisualStudioVersion = 16.0.810.8
MinimumVisualStudioVersion = 10.0.40219.1
Project("{FAE04EC0-301F-11D3-BF4B-00C04F79EFBC}") = "ProductsApp", "ProductsAPI\ProductsApp.csproj", "{EE1BBA8F-3712-438F-8FCD-C627C09BC847}"
EndProject
Project("{FAE04EC0-301F-11D3-BF4B-00C04F79EFBC}") = "ProductsApp.Tests", "StoreApp.Tests\ProductsApp.Tests.csproj", "{0E3E7B90-0BF7-47F7-8E24-8EDEE639FB9A}"
EndProject
Global
	GlobalSection(SolutionConfigurationPlatforms) = preSolution
		Debug|Any CPU = Debug|Any CPU
		Release|Any CPU = Release|Any CPU
	EndGlobalSection
	GlobalSection(ProjectConfigurationPlatforms) = postSolution
		{EE1BBA8F-3712-438F-8FCD-C627C09BC847}.Debug|Any CPU.ActiveCfg = Debug|Any CPU
		{EE1BBA8F-3712-438F-8FCD-C627C09BC847}.Debug|Any CPU.Build.0 = Debug|Any CPU
		{EE1BBA8F-3712-438F-8FCD-C627C09BC847}.Release|Any CPU.ActiveCfg = Release|Any CPU
		{EE1BBA8F-3712-438F-8FCD-C627C09BC847}.Release|Any CPU.Build.0 = Release|Any CPU
		{0E3E7B90-0BF7-47F7-8E24-8EDEE639FB9A}.Debug|Any CPU.ActiveCfg = Debug|Any CPU
		{0E3E7B90-0BF7-47F7-8E24-8EDEE639FB9A}.Debug|Any CPU.Build.0 = Debug|Any CPU
		{0E3E7B90-0BF7-47F7-8E24-8EDEE639FB9A}.Release|Any CPU.ActiveCfg = Release|Any CPU
		{0E3E7B90-0BF7-47F7-8E24-8EDEE639FB9A}.Release|Any CPU.Build.0 = Release|Any CPU
	EndGlobalSection
	GlobalSection(SolutionProperties) = preSolution
		HideSolutionNode = FALSE
	EndGlobalSection
	GlobalSection(ExtensibilityGlobals) = postSolution
		SolutionGuid = {30BCBF44-BB45-42FE-85E3-D59087E13FCB}
	EndGlobalSection
EndGlobal
